
Microsoft Visual Studio Solution File, Format Version 12.00
# Visual Studio 2015
Project("{FAE04EC0-301F-11D3-BF4B-00C04F79EFBC}") = "Ratch_20170610", "Ratch_20170610.csproj", "{B4A188A4-B79C-6ACE-29DB-E5F055B4CAC2}"
EndProject
Project("{FAE04EC0-301F-11D3-BF4B-00C04F79EFBC}") = "Ratch_20170610.Editor", "Ratch_20170610.Editor.csproj", "{40965780-8310-B6AB-134F-865129C5E9A7}"
EndProject
Global
	GlobalSection(SolutionConfigurationPlatforms) = preSolution
		Debug|Any CPU = Debug|Any CPU
		Release|Any CPU = Release|Any CPU
	EndGlobalSection
	GlobalSection(ProjectConfigurationPlatforms) = postSolution
		{B4A188A4-B79C-6ACE-29DB-E5F055B4CAC2}.Debug|Any CPU.ActiveCfg = Debug|Any CPU
		{B4A188A4-B79C-6ACE-29DB-E5F055B4CAC2}.Debug|Any CPU.Build.0 = Debug|Any CPU
		{B4A188A4-B79C-6ACE-29DB-E5F055B4CAC2}.Release|Any CPU.ActiveCfg = Release|Any CPU
		{B4A188A4-B79C-6ACE-29DB-E5F055B4CAC2}.Release|Any CPU.Build.0 = Release|Any CPU
		{40965780-8310-B6AB-134F-865129C5E9A7}.Debug|Any CPU.ActiveCfg = Debug|Any CPU
		{40965780-8310-B6AB-134F-865129C5E9A7}.Debug|Any CPU.Build.0 = Debug|Any CPU
		{40965780-8310-B6AB-134F-865129C5E9A7}.Release|Any CPU.ActiveCfg = Release|Any CPU
		{40965780-8310-B6AB-134F-865129C5E9A7}.Release|Any CPU.Build.0 = Release|Any CPU
	EndGlobalSection
	GlobalSection(SolutionProperties) = preSolution
		HideSolutionNode = FALSE
	EndGlobalSection
EndGlobal
