
Microsoft Visual Studio Solution File, Format Version 11.00
# Visual Studio 2010
Project("{FAE04EC0-301F-11D3-BF4B-00C04F79EFBC}") = "Ratch_20170610", "Assembly-CSharp.csproj", "{E9A90EC5-973F-806C-5C6D-B6591FE41F2E}"
EndProject
Project("{FAE04EC0-301F-11D3-BF4B-00C04F79EFBC}") = "Ratch_20170610", "Assembly-CSharp-Editor.csproj", "{8BED1B53-FC04-9C4F-74D4-81488CDB1552}"
EndProject
Global
	GlobalSection(SolutionConfigurationPlatforms) = preSolution
		Debug|Any CPU = Debug|Any CPU
		Release|Any CPU = Release|Any CPU
	EndGlobalSection
	GlobalSection(ProjectConfigurationPlatforms) = postSolution
		{E9A90EC5-973F-806C-5C6D-B6591FE41F2E}.Debug|Any CPU.ActiveCfg = Debug|Any CPU
		{E9A90EC5-973F-806C-5C6D-B6591FE41F2E}.Debug|Any CPU.Build.0 = Debug|Any CPU
		{E9A90EC5-973F-806C-5C6D-B6591FE41F2E}.Release|Any CPU.ActiveCfg = Release|Any CPU
		{E9A90EC5-973F-806C-5C6D-B6591FE41F2E}.Release|Any CPU.Build.0 = Release|Any CPU
		{8BED1B53-FC04-9C4F-74D4-81488CDB1552}.Debug|Any CPU.ActiveCfg = Debug|Any CPU
		{8BED1B53-FC04-9C4F-74D4-81488CDB1552}.Debug|Any CPU.Build.0 = Debug|Any CPU
		{8BED1B53-FC04-9C4F-74D4-81488CDB1552}.Release|Any CPU.ActiveCfg = Release|Any CPU
		{8BED1B53-FC04-9C4F-74D4-81488CDB1552}.Release|Any CPU.Build.0 = Release|Any CPU
	EndGlobalSection
	GlobalSection(SolutionProperties) = preSolution
		HideSolutionNode = FALSE
	EndGlobalSection
	GlobalSection(MonoDevelopProperties) = preSolution
		StartupItem = Assembly-CSharp.csproj
	EndGlobalSection
EndGlobal
